// !$*UTF8*$!
{
	archiveVersion = 1;
	classes = {
	};
	objectVersion = 56;
	objects = {

/* Begin PBXBuildFile section */
		E44A5E6729A743BA0013E4E1 /* LoginView.swift in Sources */ = {isa = PBXBuildFile; fileRef = E44A5E6629A743BA0013E4E1 /* LoginView.swift */; };
		E44A5E6929A743CB0013E4E1 /* RegisterView.swift in Sources */ = {isa = PBXBuildFile; fileRef = E44A5E6829A743CA0013E4E1 /* RegisterView.swift */; };
		E4A38F2E29A36FE8009613B9 /* SwiftUI_JWT_PHP_UserSystemApp.swift in Sources */ = {isa = PBXBuildFile; fileRef = E4A38F2D29A36FE8009613B9 /* SwiftUI_JWT_PHP_UserSystemApp.swift */; };
		E4A38F3029A36FE8009613B9 /* ContentView.swift in Sources */ = {isa = PBXBuildFile; fileRef = E4A38F2F29A36FE8009613B9 /* ContentView.swift */; };
		E4A38F3229A36FE9009613B9 /* Assets.xcassets in Resources */ = {isa = PBXBuildFile; fileRef = E4A38F3129A36FE9009613B9 /* Assets.xcassets */; };
		E4A38F3529A36FE9009613B9 /* Preview Assets.xcassets in Resources */ = {isa = PBXBuildFile; fileRef = E4A38F3429A36FE9009613B9 /* Preview Assets.xcassets */; };
		E4A38F3F29A36FE9009613B9 /* SwiftUI_JWT_PHP_UserSystemTests.swift in Sources */ = {isa = PBXBuildFile; fileRef = E4A38F3E29A36FE9009613B9 /* SwiftUI_JWT_PHP_UserSystemTests.swift */; };
		E4A38F4929A36FE9009613B9 /* SwiftUI_JWT_PHP_UserSystemUITests.swift in Sources */ = {isa = PBXBuildFile; fileRef = E4A38F4829A36FE9009613B9 /* SwiftUI_JWT_PHP_UserSystemUITests.swift */; };
		E4A38F4B29A36FE9009613B9 /* SwiftUI_JWT_PHP_UserSystemUITestsLaunchTests.swift in Sources */ = {isa = PBXBuildFile; fileRef = E4A38F4A29A36FE9009613B9 /* SwiftUI_JWT_PHP_UserSystemUITestsLaunchTests.swift */; };
/* End PBXBuildFile section */

/* Begin PBXContainerItemProxy section */
		E4A38F3B29A36FE9009613B9 /* PBXContainerItemProxy */ = {
			isa = PBXContainerItemProxy;
			containerPortal = E4A38F2229A36FE7009613B9 /* Project object */;
			proxyType = 1;
			remoteGlobalIDString = E4A38F2929A36FE8009613B9;
			remoteInfo = SwiftUI_JWT_PHP_UserSystem;
		};
		E4A38F4529A36FE9009613B9 /* PBXContainerItemProxy */ = {
			isa = PBXContainerItemProxy;
			containerPortal = E4A38F2229A36FE7009613B9 /* Project object */;
			proxyType = 1;
			remoteGlobalIDString = E4A38F2929A36FE8009613B9;
			remoteInfo = SwiftUI_JWT_PHP_UserSystem;
		};
/* End PBXContainerItemProxy section */

/* Begin PBXFileReference section */
		E44A5E6629A743BA0013E4E1 /* LoginView.swift */ = {isa = PBXFileReference; lastKnownFileType = sourcecode.swift; path = LoginView.swift; sourceTree = "<group>"; };
		E44A5E6829A743CA0013E4E1 /* RegisterView.swift */ = {isa = PBXFileReference; lastKnownFileType = sourcecode.swift; path = RegisterView.swift; sourceTree = "<group>"; };
		E4A38F2A29A36FE8009613B9 /* SwiftUI_JWT_PHP_UserSystem.app */ = {isa = PBXFileReference; explicitFileType = wrapper.application; includeInIndex = 0; path = SwiftUI_JWT_PHP_UserSystem.app; sourceTree = BUILT_PRODUCTS_DIR; };
		E4A38F2D29A36FE8009613B9 /* SwiftUI_JWT_PHP_UserSystemApp.swift */ = {isa = PBXFileReference; lastKnownFileType = sourcecode.swift; path = SwiftUI_JWT_PHP_UserSystemApp.swift; sourceTree = "<group>"; };
		E4A38F2F29A36FE8009613B9 /* ContentView.swift */ = {isa = PBXFileReference; lastKnownFileType = sourcecode.swift; path = ContentView.swift; sourceTree = "<group>"; };
		E4A38F3129A36FE9009613B9 /* Assets.xcassets */ = {isa = PBXFileReference; lastKnownFileType = folder.assetcatalog; path = Assets.xcassets; sourceTree = "<group>"; };
		E4A38F3429A36FE9009613B9 /* Preview Assets.xcassets */ = {isa = PBXFileReference; lastKnownFileType = folder.assetcatalog; path = "Preview Assets.xcassets"; sourceTree = "<group>"; };
		E4A38F3A29A36FE9009613B9 /* SwiftUI_JWT_PHP_UserSystemTests.xctest */ = {isa = PBXFileReference; explicitFileType = wrapper.cfbundle; includeInIndex = 0; path = SwiftUI_JWT_PHP_UserSystemTests.xctest; sourceTree = BUILT_PRODUCTS_DIR; };
		E4A38F3E29A36FE9009613B9 /* SwiftUI_JWT_PHP_UserSystemTests.swift */ = {isa = PBXFileReference; lastKnownFileType = sourcecode.swift; path = SwiftUI_JWT_PHP_UserSystemTests.swift; sourceTree = "<group>"; };
		E4A38F4429A36FE9009613B9 /* SwiftUI_JWT_PHP_UserSystemUITests.xctest */ = {isa = PBXFileReference; explicitFileType = wrapper.cfbundle; includeInIndex = 0; path = SwiftUI_JWT_PHP_UserSystemUITests.xctest; sourceTree = BUILT_PRODUCTS_DIR; };
		E4A38F4829A36FE9009613B9 /* SwiftUI_JWT_PHP_UserSystemUITests.swift */ = {isa = PBXFileReference; lastKnownFileType = sourcecode.swift; path = SwiftUI_JWT_PHP_UserSystemUITests.swift; sourceTree = "<group>"; };
		E4A38F4A29A36FE9009613B9 /* SwiftUI_JWT_PHP_UserSystemUITestsLaunchTests.swift */ = {isa = PBXFileReference; lastKnownFileType = sourcecode.swift; path = SwiftUI_JWT_PHP_UserSystemUITestsLaunchTests.swift; sourceTree = "<group>"; };
/* End PBXFileReference section */

/* Begin PBXFrameworksBuildPhase section */
		E4A38F2729A36FE8009613B9 /* Frameworks */ = {
			isa = PBXFrameworksBuildPhase;
			buildActionMask = 2147483647;
			files = (
			);
			runOnlyForDeploymentPostprocessing = 0;
		};
		E4A38F3729A36FE9009613B9 /* Frameworks */ = {
			isa = PBXFrameworksBuildPhase;
			buildActionMask = 2147483647;
			files = (
			);
			runOnlyForDeploymentPostprocessing = 0;
		};
		E4A38F4129A36FE9009613B9 /* Frameworks */ = {
			isa = PBXFrameworksBuildPhase;
			buildActionMask = 2147483647;
			files = (
			);
			runOnlyForDeploymentPostprocessing = 0;
		};
/* End PBXFrameworksBuildPhase section */

/* Begin PBXGroup section */
		E4A38F2129A36FE7009613B9 = {
			isa = PBXGroup;
			children = (
				E4A38F2C29A36FE8009613B9 /* SwiftUI_JWT_PHP_UserSystem */,
				E4A38F3D29A36FE9009613B9 /* SwiftUI_JWT_PHP_UserSystemTests */,
				E4A38F4729A36FE9009613B9 /* SwiftUI_JWT_PHP_UserSystemUITests */,
				E4A38F2B29A36FE8009613B9 /* Products */,
			);
			sourceTree = "<group>";
		};
		E4A38F2B29A36FE8009613B9 /* Products */ = {
			isa = PBXGroup;
			children = (
				E4A38F2A29A36FE8009613B9 /* SwiftUI_JWT_PHP_UserSystem.app */,
				E4A38F3A29A36FE9009613B9 /* SwiftUI_JWT_PHP_UserSystemTests.xctest */,
				E4A38F4429A36FE9009613B9 /* SwiftUI_JWT_PHP_UserSystemUITests.xctest */,
			);
			name = Products;
			sourceTree = "<group>";
		};
		E4A38F2C29A36FE8009613B9 /* SwiftUI_JWT_PHP_UserSystem */ = {
			isa = PBXGroup;
			children = (
				E4A38F2D29A36FE8009613B9 /* SwiftUI_JWT_PHP_UserSystemApp.swift */,
				E4A38F2F29A36FE8009613B9 /* ContentView.swift */,
				E44A5E6629A743BA0013E4E1 /* LoginView.swift */,
				E44A5E6829A743CA0013E4E1 /* RegisterView.swift */,
				E4A38F3129A36FE9009613B9 /* Assets.xcassets */,
				E4A38F3329A36FE9009613B9 /* Preview Content */,
			);
			path = SwiftUI_JWT_PHP_UserSystem;
			sourceTree = "<group>";
		};
		E4A38F3329A36FE9009613B9 /* Preview Content */ = {
			isa = PBXGroup;
			children = (
				E4A38F3429A36FE9009613B9 /* Preview Assets.xcassets */,
			);
			path = "Preview Content";
			sourceTree = "<group>";
		};
		E4A38F3D29A36FE9009613B9 /* SwiftUI_JWT_PHP_UserSystemTests */ = {
			isa = PBXGroup;
			children = (
				E4A38F3E29A36FE9009613B9 /* SwiftUI_JWT_PHP_UserSystemTests.swift */,
			);
			path = SwiftUI_JWT_PHP_UserSystemTests;
			sourceTree = "<group>";
		};
		E4A38F4729A36FE9009613B9 /* SwiftUI_JWT_PHP_UserSystemUITests */ = {
			isa = PBXGroup;
			children = (
				E4A38F4829A36FE9009613B9 /* SwiftUI_JWT_PHP_UserSystemUITests.swift */,
				E4A38F4A29A36FE9009613B9 /* SwiftUI_JWT_PHP_UserSystemUITestsLaunchTests.swift */,
			);
			path = SwiftUI_JWT_PHP_UserSystemUITests;
			sourceTree = "<group>";
		};
/* End PBXGroup section */

/* Begin PBXNativeTarget section */
		E4A38F2929A36FE8009613B9 /* SwiftUI_JWT_PHP_UserSystem */ = {
			isa = PBXNativeTarget;
			buildConfigurationList = E4A38F4E29A36FE9009613B9 /* Build configuration list for PBXNativeTarget "SwiftUI_JWT_PHP_UserSystem" */;
			buildPhases = (
				E4A38F2629A36FE8009613B9 /* Sources */,
				E4A38F2729A36FE8009613B9 /* Frameworks */,
				E4A38F2829A36FE8009613B9 /* Resources */,
			);
			buildRules = (
			);
			dependencies = (
			);
			name = SwiftUI_JWT_PHP_UserSystem;
			productName = SwiftUI_JWT_PHP_UserSystem;
			productReference = E4A38F2A29A36FE8009613B9 /* SwiftUI_JWT_PHP_UserSystem.app */;
			productType = "com.apple.product-type.application";
		};
		E4A38F3929A36FE9009613B9 /* SwiftUI_JWT_PHP_UserSystemTests */ = {
			isa = PBXNativeTarget;
			buildConfigurationList = E4A38F5129A36FE9009613B9 /* Build configuration list for PBXNativeTarget "SwiftUI_JWT_PHP_UserSystemTests" */;
			buildPhases = (
				E4A38F3629A36FE9009613B9 /* Sources */,
				E4A38F3729A36FE9009613B9 /* Frameworks */,
				E4A38F3829A36FE9009613B9 /* Resources */,
			);
			buildRules = (
			);
			dependencies = (
				E4A38F3C29A36FE9009613B9 /* PBXTargetDependency */,
			);
			name = SwiftUI_JWT_PHP_UserSystemTests;
			productName = SwiftUI_JWT_PHP_UserSystemTests;
			productReference = E4A38F3A29A36FE9009613B9 /* SwiftUI_JWT_PHP_UserSystemTests.xctest */;
			productType = "com.apple.product-type.bundle.unit-test";
		};
		E4A38F4329A36FE9009613B9 /* SwiftUI_JWT_PHP_UserSystemUITests */ = {
			isa = PBXNativeTarget;
			buildConfigurationList = E4A38F5429A36FE9009613B9 /* Build configuration list for PBXNativeTarget "SwiftUI_JWT_PHP_UserSystemUITests" */;
			buildPhases = (
				E4A38F4029A36FE9009613B9 /* Sources */,
				E4A38F4129A36FE9009613B9 /* Frameworks */,
				E4A38F4229A36FE9009613B9 /* Resources */,
			);
			buildRules = (
			);
			dependencies = (
				E4A38F4629A36FE9009613B9 /* PBXTargetDependency */,
			);
			name = SwiftUI_JWT_PHP_UserSystemUITests;
			productName = SwiftUI_JWT_PHP_UserSystemUITests;
			productReference = E4A38F4429A36FE9009613B9 /* SwiftUI_JWT_PHP_UserSystemUITests.xctest */;
			productType = "com.apple.product-type.bundle.ui-testing";
		};
/* End PBXNativeTarget section */

/* Begin PBXProject section */
		E4A38F2229A36FE7009613B9 /* Project object */ = {
			isa = PBXProject;
			attributes = {
				BuildIndependentTargetsInParallel = 1;
				LastSwiftUpdateCheck = 1410;
				LastUpgradeCheck = 1410;
				TargetAttributes = {
					E4A38F2929A36FE8009613B9 = {
						CreatedOnToolsVersion = 14.1;
					};
					E4A38F3929A36FE9009613B9 = {
						CreatedOnToolsVersion = 14.1;
						TestTargetID = E4A38F2929A36FE8009613B9;
					};
					E4A38F4329A36FE9009613B9 = {
						CreatedOnToolsVersion = 14.1;
						TestTargetID = E4A38F2929A36FE8009613B9;
					};
				};
			};
			buildConfigurationList = E4A38F2529A36FE7009613B9 /* Build configuration list for PBXProject "SwiftUI_JWT_PHP_UserSystem" */;
			compatibilityVersion = "Xcode 14.0";
			developmentRegion = en;
			hasScannedForEncodings = 0;
			knownRegions = (
				en,
				Base,
			);
			mainGroup = E4A38F2129A36FE7009613B9;
			productRefGroup = E4A38F2B29A36FE8009613B9 /* Products */;
			projectDirPath = "";
			projectRoot = "";
			targets = (
				E4A38F2929A36FE8009613B9 /* SwiftUI_JWT_PHP_UserSystem */,
				E4A38F3929A36FE9009613B9 /* SwiftUI_JWT_PHP_UserSystemTests */,
				E4A38F4329A36FE9009613B9 /* SwiftUI_JWT_PHP_UserSystemUITests */,
			);
		};
/* End PBXProject section */

/* Begin PBXResourcesBuildPhase section */
		E4A38F2829A36FE8009613B9 /* Resources */ = {
			isa = PBXResourcesBuildPhase;
			buildActionMask = 2147483647;
			files = (
				E4A38F3529A36FE9009613B9 /* Preview Assets.xcassets in Resources */,
				E4A38F3229A36FE9009613B9 /* Assets.xcassets in Resources */,
			);
			runOnlyForDeploymentPostprocessing = 0;
		};
		E4A38F3829A36FE9009613B9 /* Resources */ = {
			isa = PBXResourcesBuildPhase;
			buildActionMask = 2147483647;
			files = (
			);
			runOnlyForDeploymentPostprocessing = 0;
		};
		E4A38F4229A36FE9009613B9 /* Resources */ = {
			isa = PBXResourcesBuildPhase;
			buildActionMask = 2147483647;
			files = (
			);
			runOnlyForDeploymentPostprocessing = 0;
		};
/* End PBXResourcesBuildPhase section */

/* Begin PBXSourcesBuildPhase section */
		E4A38F2629A36FE8009613B9 /* Sources */ = {
			isa = PBXSourcesBuildPhase;
			buildActionMask = 2147483647;
			files = (
				E44A5E6729A743BA0013E4E1 /* LoginView.swift in Sources */,
				E44A5E6929A743CB0013E4E1 /* RegisterView.swift in Sources */,
				E4A38F3029A36FE8009613B9 /* ContentView.swift in Sources */,
				E4A38F2E29A36FE8009613B9 /* SwiftUI_JWT_PHP_UserSystemApp.swift in Sources */,
			);
			runOnlyForDeploymentPostprocessing = 0;
		};
		E4A38F3629A36FE9009613B9 /* Sources */ = {
			isa = PBXSourcesBuildPhase;
			buildActionMask = 2147483647;
			files = (
				E4A38F3F29A36FE9009613B9 /* SwiftUI_JWT_PHP_UserSystemTests.swift in Sources */,
			);
			runOnlyForDeploymentPostprocessing = 0;
		};
		E4A38F4029A36FE9009613B9 /* Sources */ = {
			isa = PBXSourcesBuildPhase;
			buildActionMask = 2147483647;
			files = (
				E4A38F4929A36FE9009613B9 /* SwiftUI_JWT_PHP_UserSystemUITests.swift in Sources */,
				E4A38F4B29A36FE9009613B9 /* SwiftUI_JWT_PHP_UserSystemUITestsLaunchTests.swift in Sources */,
			);
			runOnlyForDeploymentPostprocessing = 0;
		};
/* End PBXSourcesBuildPhase section */

/* Begin PBXTargetDependency section */
		E4A38F3C29A36FE9009613B9 /* PBXTargetDependency */ = {
			isa = PBXTargetDependency;
			target = E4A38F2929A36FE8009613B9 /* SwiftUI_JWT_PHP_UserSystem */;
			targetProxy = E4A38F3B29A36FE9009613B9 /* PBXContainerItemProxy */;
		};
		E4A38F4629A36FE9009613B9 /* PBXTargetDependency */ = {
			isa = PBXTargetDependency;
			target = E4A38F2929A36FE8009613B9 /* SwiftUI_JWT_PHP_UserSystem */;
			targetProxy = E4A38F4529A36FE9009613B9 /* PBXContainerItemProxy */;
		};
/* End PBXTargetDependency section */

/* Begin XCBuildConfiguration section */
		E4A38F4C29A36FE9009613B9 /* Debug */ = {
			isa = XCBuildConfiguration;
			buildSettings = {
				ALWAYS_SEARCH_USER_PATHS = NO;
				CLANG_ANALYZER_NONNULL = YES;
				CLANG_ANALYZER_NUMBER_OBJECT_CONVERSION = YES_AGGRESSIVE;
				CLANG_CXX_LANGUAGE_STANDARD = "gnu++20";
				CLANG_ENABLE_MODULES = YES;
				CLANG_ENABLE_OBJC_ARC = YES;
				CLANG_ENABLE_OBJC_WEAK = YES;
				CLANG_WARN_BLOCK_CAPTURE_AUTORELEASING = YES;
				CLANG_WARN_BOOL_CONVERSION = YES;
				CLANG_WARN_COMMA = YES;
				CLANG_WARN_CONSTANT_CONVERSION = YES;
				CLANG_WARN_DEPRECATED_OBJC_IMPLEMENTATIONS = YES;
				CLANG_WARN_DIRECT_OBJC_ISA_USAGE = YES_ERROR;
				CLANG_WARN_DOCUMENTATION_COMMENTS = YES;
				CLANG_WARN_EMPTY_BODY = YES;
				CLANG_WARN_ENUM_CONVERSION = YES;
				CLANG_WARN_INFINITE_RECURSION = YES;
				CLANG_WARN_INT_CONVERSION = YES;
				CLANG_WARN_NON_LITERAL_NULL_CONVERSION = YES;
				CLANG_WARN_OBJC_IMPLICIT_RETAIN_SELF = YES;
				CLANG_WARN_OBJC_LITERAL_CONVERSION = YES;
				CLANG_WARN_OBJC_ROOT_CLASS = YES_ERROR;
				CLANG_WARN_QUOTED_INCLUDE_IN_FRAMEWORK_HEADER = YES;
				CLANG_WARN_RANGE_LOOP_ANALYSIS = YES;
				CLANG_WARN_STRICT_PROTOTYPES = YES;
				CLANG_WARN_SUSPICIOUS_MOVE = YES;
				CLANG_WARN_UNGUARDED_AVAILABILITY = YES_AGGRESSIVE;
				CLANG_WARN_UNREACHABLE_CODE = YES;
				CLANG_WARN__DUPLICATE_METHOD_MATCH = YES;
				COPY_PHASE_STRIP = NO;
				DEBUG_INFORMATION_FORMAT = dwarf;
				ENABLE_STRICT_OBJC_MSGSEND = YES;
				ENABLE_TESTABILITY = YES;
				GCC_C_LANGUAGE_STANDARD = gnu11;
				GCC_DYNAMIC_NO_PIC = NO;
				GCC_NO_COMMON_BLOCKS = YES;
				GCC_OPTIMIZATION_LEVEL = 0;
				GCC_PREPROCESSOR_DEFINITIONS = (
					"DEBUG=1",
					"$(inherited)",
				);
				GCC_WARN_64_TO_32_BIT_CONVERSION = YES;
				GCC_WARN_ABOUT_RETURN_TYPE = YES_ERROR;
				GCC_WARN_UNDECLARED_SELECTOR = YES;
				GCC_WARN_UNINITIALIZED_AUTOS = YES_AGGRESSIVE;
				GCC_WARN_UNUSED_FUNCTION = YES;
				GCC_WARN_UNUSED_VARIABLE = YES;
				IPHONEOS_DEPLOYMENT_TARGET = 16.1;
				MTL_ENABLE_DEBUG_INFO = INCLUDE_SOURCE;
				MTL_FAST_MATH = YES;
				ONLY_ACTIVE_ARCH = YES;
				SDKROOT = iphoneos;
				SWIFT_ACTIVE_COMPILATION_CONDITIONS = DEBUG;
				SWIFT_OPTIMIZATION_LEVEL = "-Onone";
			};
			name = Debug;
		};
		E4A38F4D29A36FE9009613B9 /* Release */ = {
			isa = XCBuildConfiguration;
			buildSettings = {
				ALWAYS_SEARCH_USER_PATHS = NO;
				CLANG_ANALYZER_NONNULL = YES;
				CLANG_ANALYZER_NUMBER_OBJECT_CONVERSION = YES_AGGRESSIVE;
				CLANG_CXX_LANGUAGE_STANDARD = "gnu++20";
				CLANG_ENABLE_MODULES = YES;
				CLANG_ENABLE_OBJC_ARC = YES;
				CLANG_ENABLE_OBJC_WEAK = YES;
				CLANG_WARN_BLOCK_CAPTURE_AUTORELEASING = YES;
				CLANG_WARN_BOOL_CONVERSION = YES;
				CLANG_WARN_COMMA = YES;
				CLANG_WARN_CONSTANT_CONVERSION = YES;
				CLANG_WARN_DEPRECATED_OBJC_IMPLEMENTATIONS = YES;
				CLANG_WARN_DIRECT_OBJC_ISA_USAGE = YES_ERROR;
				CLANG_WARN_DOCUMENTATION_COMMENTS = YES;
				CLANG_WARN_EMPTY_BODY = YES;
				CLANG_WARN_ENUM_CONVERSION = YES;
				CLANG_WARN_INFINITE_RECURSION = YES;
				CLANG_WARN_INT_CONVERSION = YES;
				CLANG_WARN_NON_LITERAL_NULL_CONVERSION = YES;
				CLANG_WARN_OBJC_IMPLICIT_RETAIN_SELF = YES;
				CLANG_WARN_OBJC_LITERAL_CONVERSION = YES;
				CLANG_WARN_OBJC_ROOT_CLASS = YES_ERROR;
				CLANG_WARN_QUOTED_INCLUDE_IN_FRAMEWORK_HEADER = YES;
				CLANG_WARN_RANGE_LOOP_ANALYSIS = YES;
				CLANG_WARN_STRICT_PROTOTYPES = YES;
				CLANG_WARN_SUSPICIOUS_MOVE = YES;
				CLANG_WARN_UNGUARDED_AVAILABILITY = YES_AGGRESSIVE;
				CLANG_WARN_UNREACHABLE_CODE = YES;
				CLANG_WARN__DUPLICATE_METHOD_MATCH = YES;
				COPY_PHASE_STRIP = NO;
				DEBUG_INFORMATION_FORMAT = "dwarf-with-dsym";
				ENABLE_NS_ASSERTIONS = NO;
				ENABLE_STRICT_OBJC_MSGSEND = YES;
				GCC_C_LANGUAGE_STANDARD = gnu11;
				GCC_NO_COMMON_BLOCKS = YES;
				GCC_WARN_64_TO_32_BIT_CONVERSION = YES;
				GCC_WARN_ABOUT_RETURN_TYPE = YES_ERROR;
				GCC_WARN_UNDECLARED_SELECTOR = YES;
				GCC_WARN_UNINITIALIZED_AUTOS = YES_AGGRESSIVE;
				GCC_WARN_UNUSED_FUNCTION = YES;
				GCC_WARN_UNUSED_VARIABLE = YES;
				IPHONEOS_DEPLOYMENT_TARGET = 16.1;
				MTL_ENABLE_DEBUG_INFO = NO;
				MTL_FAST_MATH = YES;
				SDKROOT = iphoneos;
				SWIFT_COMPILATION_MODE = wholemodule;
				SWIFT_OPTIMIZATION_LEVEL = "-O";
				VALIDATE_PRODUCT = YES;
			};
			name = Release;
		};
		E4A38F4F29A36FE9009613B9 /* Debug */ = {
			isa = XCBuildConfiguration;
			buildSettings = {
				ASSETCATALOG_COMPILER_APPICON_NAME = AppIcon;
				ASSETCATALOG_COMPILER_GLOBAL_ACCENT_COLOR_NAME = AccentColor;
				CODE_SIGN_STYLE = Automatic;
				CURRENT_PROJECT_VERSION = 1;
				DEVELOPMENT_ASSET_PATHS = "\"SwiftUI_JWT_PHP_UserSystem/Preview Content\"";
				DEVELOPMENT_TEAM = T9ARYPFNH3;
				ENABLE_PREVIEWS = YES;
				GENERATE_INFOPLIST_FILE = YES;
				INFOPLIST_KEY_UIApplicationSceneManifest_Generation = YES;
				INFOPLIST_KEY_UIApplicationSupportsIndirectInputEvents = YES;
				INFOPLIST_KEY_UILaunchScreen_Generation = YES;
				INFOPLIST_KEY_UISupportedInterfaceOrientations_iPad = "UIInterfaceOrientationPortrait UIInterfaceOrientationPortraitUpsideDown UIInterfaceOrientationLandscapeLeft UIInterfaceOrientationLandscapeRight";
				INFOPLIST_KEY_UISupportedInterfaceOrientations_iPhone = "UIInterfaceOrientationPortrait UIInterfaceOrientationLandscapeLeft UIInterfaceOrientationLandscapeRight";
				LD_RUNPATH_SEARCH_PATHS = (
					"$(inherited)",
					"@executable_path/Frameworks",
				);
				MARKETING_VERSION = 1.0;
				PRODUCT_BUNDLE_IDENTIFIER = "TABVIEW-RECYHOME.SwiftUI-JWT-PHP-UserSystem";
				PRODUCT_NAME = "$(TARGET_NAME)";
				SWIFT_EMIT_LOC_STRINGS = YES;
				SWIFT_VERSION = 5.0;
				TARGETED_DEVICE_FAMILY = "1,2";
			};
			name = Debug;
		};
		E4A38F5029A36FE9009613B9 /* Release */ = {
			isa = XCBuildConfiguration;
			buildSettings = {
				ASSETCATALOG_COMPILER_APPICON_NAME = AppIcon;
				ASSETCATALOG_COMPILER_GLOBAL_ACCENT_COLOR_NAME = AccentColor;
				CODE_SIGN_STYLE = Automatic;
				CURRENT_PROJECT_VERSION = 1;
				DEVELOPMENT_ASSET_PATHS = "\"SwiftUI_JWT_PHP_UserSystem/Preview Content\"";
				DEVELOPMENT_TEAM = T9ARYPFNH3;
				ENABLE_PREVIEWS = YES;
				GENERATE_INFOPLIST_FILE = YES;
				INFOPLIST_KEY_UIApplicationSceneManifest_Generation = YES;
				INFOPLIST_KEY_UIApplicationSupportsIndirectInputEvents = YES;
				INFOPLIST_KEY_UILaunchScreen_Generation = YES;
				INFOPLIST_KEY_UISupportedInterfaceOrientations_iPad = "UIInterfaceOrientationPortrait UIInterfaceOrientationPortraitUpsideDown UIInterfaceOrientationLandscapeLeft UIInterfaceOrientationLandscapeRight";
				INFOPLIST_KEY_UISupportedInterfaceOrientations_iPhone = "UIInterfaceOrientationPortrait UIInterfaceOrientationLandscapeLeft UIInterfaceOrientationLandscapeRight";
				LD_RUNPATH_SEARCH_PATHS = (
					"$(inherited)",
					"@executable_path/Frameworks",
				);
				MARKETING_VERSION = 1.0;
				PRODUCT_BUNDLE_IDENTIFIER = "TABVIEW-RECYHOME.SwiftUI-JWT-PHP-UserSystem";
				PRODUCT_NAME = "$(TARGET_NAME)";
				SWIFT_EMIT_LOC_STRINGS = YES;
				SWIFT_VERSION = 5.0;
				TARGETED_DEVICE_FAMILY = "1,2";
			};
			name = Release;
		};
		E4A38F5229A36FE9009613B9 /* Debug */ = {
			isa = XCBuildConfiguration;
			buildSettings = {
				ALWAYS_EMBED_SWIFT_STANDARD_LIBRARIES = YES;
				BUNDLE_LOADER = "$(TEST_HOST)";
				CODE_SIGN_STYLE = Automatic;
				CURRENT_PROJECT_VERSION = 1;
				DEVELOPMENT_TEAM = T9ARYPFNH3;
				GENERATE_INFOPLIST_FILE = YES;
				IPHONEOS_DEPLOYMENT_TARGET = 16.1;
				MARKETING_VERSION = 1.0;
				PRODUCT_BUNDLE_IDENTIFIER = "TABVIEW-RECYHOME.SwiftUI-JWT-PHP-UserSystemTests";
				PRODUCT_NAME = "$(TARGET_NAME)";
				SWIFT_EMIT_LOC_STRINGS = NO;
				SWIFT_VERSION = 5.0;
				TARGETED_DEVICE_FAMILY = "1,2";
				TEST_HOST = "$(BUILT_PRODUCTS_DIR)/SwiftUI_JWT_PHP_UserSystem.app/$(BUNDLE_EXECUTABLE_FOLDER_PATH)/SwiftUI_JWT_PHP_UserSystem";
			};
			name = Debug;
		};
		E4A38F5329A36FE9009613B9 /* Release */ = {
			isa = XCBuildConfiguration;
			buildSettings = {
				ALWAYS_EMBED_SWIFT_STANDARD_LIBRARIES = YES;
				BUNDLE_LOADER = "$(TEST_HOST)";
				CODE_SIGN_STYLE = Automatic;
				CURRENT_PROJECT_VERSION = 1;
				DEVELOPMENT_TEAM = T9ARYPFNH3;
				GENERATE_INFOPLIST_FILE = YES;
				IPHONEOS_DEPLOYMENT_TARGET = 16.1;
				MARKETING_VERSION = 1.0;
				PRODUCT_BUNDLE_IDENTIFIER = "TABVIEW-RECYHOME.SwiftUI-JWT-PHP-UserSystemTests";
				PRODUCT_NAME = "$(TARGET_NAME)";
				SWIFT_EMIT_LOC_STRINGS = NO;
				SWIFT_VERSION = 5.0;
				TARGETED_DEVICE_FAMILY = "1,2";
				TEST_HOST = "$(BUILT_PRODUCTS_DIR)/SwiftUI_JWT_PHP_UserSystem.app/$(BUNDLE_EXECUTABLE_FOLDER_PATH)/SwiftUI_JWT_PHP_UserSystem";
			};
			name = Release;
		};
		E4A38F5529A36FE9009613B9 /* Debug */ = {
			isa = XCBuildConfiguration;
			buildSettings = {
				ALWAYS_EMBED_SWIFT_STANDARD_LIBRARIES = YES;
				CODE_SIGN_STYLE = Automatic;
				CURRENT_PROJECT_VERSION = 1;
				DEVELOPMENT_TEAM = T9ARYPFNH3;
				GENERATE_INFOPLIST_FILE = YES;
				MARKETING_VERSION = 1.0;
				PRODUCT_BUNDLE_IDENTIFIER = "TABVIEW-RECYHOME.SwiftUI-JWT-PHP-UserSystemUITests";
				PRODUCT_NAME = "$(TARGET_NAME)";
				SWIFT_EMIT_LOC_STRINGS = NO;
				SWIFT_VERSION = 5.0;
				TARGETED_DEVICE_FAMILY = "1,2";
				TEST_TARGET_NAME = SwiftUI_JWT_PHP_UserSystem;
			};
			name = Debug;
		};
		E4A38F5629A36FE9009613B9 /* Release */ = {
			isa = XCBuildConfiguration;
			buildSettings = {
				ALWAYS_EMBED_SWIFT_STANDARD_LIBRARIES = YES;
				CODE_SIGN_STYLE = Automatic;
				CURRENT_PROJECT_VERSION = 1;
				DEVELOPMENT_TEAM = T9ARYPFNH3;
				GENERATE_INFOPLIST_FILE = YES;
				MARKETING_VERSION = 1.0;
				PRODUCT_BUNDLE_IDENTIFIER = "TABVIEW-RECYHOME.SwiftUI-JWT-PHP-UserSystemUITests";
				PRODUCT_NAME = "$(TARGET_NAME)";
				SWIFT_EMIT_LOC_STRINGS = NO;
				SWIFT_VERSION = 5.0;
				TARGETED_DEVICE_FAMILY = "1,2";
				TEST_TARGET_NAME = SwiftUI_JWT_PHP_UserSystem;
			};
			name = Release;
		};
/* End XCBuildConfiguration section */

/* Begin XCConfigurationList section */
		E4A38F2529A36FE7009613B9 /* Build configuration list for PBXProject "SwiftUI_JWT_PHP_UserSystem" */ = {
			isa = XCConfigurationList;
			buildConfigurations = (
				E4A38F4C29A36FE9009613B9 /* Debug */,
				E4A38F4D29A36FE9009613B9 /* Release */,
			);
			defaultConfigurationIsVisible = 0;
			defaultConfigurationName = Release;
		};
		E4A38F4E29A36FE9009613B9 /* Build configuration list for PBXNativeTarget "SwiftUI_JWT_PHP_UserSystem" */ = {
			isa = XCConfigurationList;
			buildConfigurations = (
				E4A38F4F29A36FE9009613B9 /* Debug */,
				E4A38F5029A36FE9009613B9 /* Release */,
			);
			defaultConfigurationIsVisible = 0;
			defaultConfigurationName = Release;
		};
		E4A38F5129A36FE9009613B9 /* Build configuration list for PBXNativeTarget "SwiftUI_JWT_PHP_UserSystemTests" */ = {
			isa = XCConfigurationList;
			buildConfigurations = (
				E4A38F5229A36FE9009613B9 /* Debug */,
				E4A38F5329A36FE9009613B9 /* Release */,
			);
			defaultConfigurationIsVisible = 0;
			defaultConfigurationName = Release;
		};
		E4A38F5429A36FE9009613B9 /* Build configuration list for PBXNativeTarget "SwiftUI_JWT_PHP_UserSystemUITests" */ = {
			isa = XCConfigurationList;
			buildConfigurations = (
				E4A38F5529A36FE9009613B9 /* Debug */,
				E4A38F5629A36FE9009613B9 /* Release */,
			);
			defaultConfigurationIsVisible = 0;
			defaultConfigurationName = Release;
		};
/* End XCConfigurationList section */
	};
	rootObject = E4A38F2229A36FE7009613B9 /* Project object */;
}
